
Microsoft Visual Studio Solution File, Format Version 12.00
# Visual Studio Version 17
VisualStudioVersion = 17.9.34701.34
MinimumVisualStudioVersion = 10.0.40219.1
Project("{9A19103F-16F7-4668-BE54-9A1E7A4F7556}") = "Habit-Logger", "Habit-Logger.csproj", "{B0083AA4-BF4F-4D43-B49E-BE89951ED5F9}"
EndProject
Global
	GlobalSection(SolutionConfigurationPlatforms) = preSolution
		Debug|Any CPU = Debug|Any CPU
		Release|Any CPU = Release|Any CPU
	EndGlobalSection
	GlobalSection(ProjectConfigurationPlatforms) = postSolution
		{B0083AA4-BF4F-4D43-B49E-BE89951ED5F9}.Debug|Any CPU.ActiveCfg = Debug|Any CPU
		{B0083AA4-BF4F-4D43-B49E-BE89951ED5F9}.Debug|Any CPU.Build.0 = Debug|Any CPU
		{B0083AA4-BF4F-4D43-B49E-BE89951ED5F9}.Release|Any CPU.ActiveCfg = Release|Any CPU
		{B0083AA4-BF4F-4D43-B49E-BE89951ED5F9}.Release|Any CPU.Build.0 = Release|Any CPU
	EndGlobalSection
	GlobalSection(SolutionProperties) = preSolution
		HideSolutionNode = FALSE
	EndGlobalSection
	GlobalSection(ExtensibilityGlobals) = postSolution
		SolutionGuid = {968706A7-1D8C-41F0-AC0C-5210ED2A3D2E}
	EndGlobalSection
EndGlobal
